
Microsoft Visual Studio Solution File, Format Version 12.00
# Visual Studio 14
VisualStudioVersion = 14.0.25420.1
MinimumVisualStudioVersion = 10.0.40219.1
Project("{FAE04EC0-301F-11D3-BF4B-00C04F79EFBC}") = "Demo01_TryCatch", "Demo01_TryCatch\Demo01_TryCatch.csproj", "{D0BB6922-6666-42FB-AB71-0A1A82185A38}"
EndProject
Project("{FAE04EC0-301F-11D3-BF4B-00C04F79EFBC}") = "Demo02_GetTimeFromBaidu", "Demo02_GetTimeFromBaidu\Demo02_GetTimeFromBaidu.csproj", "{273E3C19-7341-4BA2-B0E9-E85C9A5810AC}"
EndProject
Project("{FAE04EC0-301F-11D3-BF4B-00C04F79EFBC}") = "Demo03_ReversibleEncryption", "Demo03_ReversibleEncryption\Demo03_ReversibleEncryption.csproj", "{6337698D-7BF8-4F3C-986B-BD6A46C9B1CE}"
EndProject
Global
	GlobalSection(SolutionConfigurationPlatforms) = preSolution
		Debug|Any CPU = Debug|Any CPU
		Release|Any CPU = Release|Any CPU
	EndGlobalSection
	GlobalSection(ProjectConfigurationPlatforms) = postSolution
		{D0BB6922-6666-42FB-AB71-0A1A82185A38}.Debug|Any CPU.ActiveCfg = Debug|Any CPU
		{D0BB6922-6666-42FB-AB71-0A1A82185A38}.Debug|Any CPU.Build.0 = Debug|Any CPU
		{D0BB6922-6666-42FB-AB71-0A1A82185A38}.Release|Any CPU.ActiveCfg = Release|Any CPU
		{D0BB6922-6666-42FB-AB71-0A1A82185A38}.Release|Any CPU.Build.0 = Release|Any CPU
		{273E3C19-7341-4BA2-B0E9-E85C9A5810AC}.Debug|Any CPU.ActiveCfg = Debug|Any CPU
		{273E3C19-7341-4BA2-B0E9-E85C9A5810AC}.Debug|Any CPU.Build.0 = Debug|Any CPU
		{273E3C19-7341-4BA2-B0E9-E85C9A5810AC}.Release|Any CPU.ActiveCfg = Release|Any CPU
		{273E3C19-7341-4BA2-B0E9-E85C9A5810AC}.Release|Any CPU.Build.0 = Release|Any CPU
		{6337698D-7BF8-4F3C-986B-BD6A46C9B1CE}.Debug|Any CPU.ActiveCfg = Debug|Any CPU
		{6337698D-7BF8-4F3C-986B-BD6A46C9B1CE}.Debug|Any CPU.Build.0 = Debug|Any CPU
		{6337698D-7BF8-4F3C-986B-BD6A46C9B1CE}.Release|Any CPU.ActiveCfg = Release|Any CPU
		{6337698D-7BF8-4F3C-986B-BD6A46C9B1CE}.Release|Any CPU.Build.0 = Release|Any CPU
	EndGlobalSection
	GlobalSection(SolutionProperties) = preSolution
		HideSolutionNode = FALSE
	EndGlobalSection
EndGlobal
